
Microsoft Visual Studio Solution File, Format Version 12.00
# Visual Studio Version 16
VisualStudioVersion = 16.0.34407.143
MinimumVisualStudioVersion = 10.0.40219.1
Project("{888888A0-9F3D-457C-B088-3A5042F75D52}") = "OWShop", "OWShop\OWShop.pyproj", "{9FA1F41E-CE2D-475C-ABD8-3062F494EBAF}"
EndProject
Global
	GlobalSection(SolutionConfigurationPlatforms) = preSolution
		Debug|Any CPU = Debug|Any CPU
		Release|Any CPU = Release|Any CPU
	EndGlobalSection
	GlobalSection(ProjectConfigurationPlatforms) = postSolution
		{9FA1F41E-CE2D-475C-ABD8-3062F494EBAF}.Debug|Any CPU.ActiveCfg = Debug|Any CPU
		{9FA1F41E-CE2D-475C-ABD8-3062F494EBAF}.Debug|Any CPU.Build.0 = Debug|Any CPU
		{9FA1F41E-CE2D-475C-ABD8-3062F494EBAF}.Release|Any CPU.ActiveCfg = Release|Any CPU
		{9FA1F41E-CE2D-475C-ABD8-3062F494EBAF}.Release|Any CPU.Build.0 = Release|Any CPU
	EndGlobalSection
	GlobalSection(SolutionProperties) = preSolution
		HideSolutionNode = FALSE
	EndGlobalSection
	GlobalSection(ExtensibilityGlobals) = postSolution
		SolutionGuid = {B77397BC-D0F9-4A33-AFE2-E8B6F3452BE2}
	EndGlobalSection
EndGlobal
